
Microsoft Visual Studio Solution File, Format Version 12.00
# Visual Studio Version 17
VisualStudioVersion = 17.14.37012.4
MinimumVisualStudioVersion = 10.0.40219.1
Project("{FAE04EC0-301F-11D3-BF4B-00C04F79EFBC}") = "Ornek1", "Ornek1\Ornek1.csproj", "{11342281-94E6-4C7E-8236-D0EA69506982}"
EndProject
Project("{FAE04EC0-301F-11D3-BF4B-00C04F79EFBC}") = "Islem", "Islem\Islem.csproj", "{56166AB2-2FB4-4338-A506-79B5AC6472F9}"
EndProject
Project("{FAE04EC0-301F-11D3-BF4B-00C04F79EFBC}") = "DataModel", "DataModel\DataModel.csproj", "{B2717DB8-1DD5-4684-9891-DABBE305C36F}"
EndProject
Project("{FAE04EC0-301F-11D3-BF4B-00C04F79EFBC}") = "Lokanta", "Lokanta\Lokanta.csproj", "{2B6E8679-0A32-4382-9C92-2BDF165A4143}"
EndProject
Global
	GlobalSection(SolutionConfigurationPlatforms) = preSolution
		Debug|Any CPU = Debug|Any CPU
		Release|Any CPU = Release|Any CPU
	EndGlobalSection
	GlobalSection(ProjectConfigurationPlatforms) = postSolution
		{11342281-94E6-4C7E-8236-D0EA69506982}.Debug|Any CPU.ActiveCfg = Debug|Any CPU
		{11342281-94E6-4C7E-8236-D0EA69506982}.Debug|Any CPU.Build.0 = Debug|Any CPU
		{11342281-94E6-4C7E-8236-D0EA69506982}.Release|Any CPU.ActiveCfg = Release|Any CPU
		{11342281-94E6-4C7E-8236-D0EA69506982}.Release|Any CPU.Build.0 = Release|Any CPU
		{56166AB2-2FB4-4338-A506-79B5AC6472F9}.Debug|Any CPU.ActiveCfg = Debug|Any CPU
		{56166AB2-2FB4-4338-A506-79B5AC6472F9}.Debug|Any CPU.Build.0 = Debug|Any CPU
		{56166AB2-2FB4-4338-A506-79B5AC6472F9}.Release|Any CPU.ActiveCfg = Release|Any CPU
		{56166AB2-2FB4-4338-A506-79B5AC6472F9}.Release|Any CPU.Build.0 = Release|Any CPU
		{B2717DB8-1DD5-4684-9891-DABBE305C36F}.Debug|Any CPU.ActiveCfg = Debug|Any CPU
		{B2717DB8-1DD5-4684-9891-DABBE305C36F}.Debug|Any CPU.Build.0 = Debug|Any CPU
		{B2717DB8-1DD5-4684-9891-DABBE305C36F}.Release|Any CPU.ActiveCfg = Release|Any CPU
		{B2717DB8-1DD5-4684-9891-DABBE305C36F}.Release|Any CPU.Build.0 = Release|Any CPU
		{2B6E8679-0A32-4382-9C92-2BDF165A4143}.Debug|Any CPU.ActiveCfg = Debug|Any CPU
		{2B6E8679-0A32-4382-9C92-2BDF165A4143}.Debug|Any CPU.Build.0 = Debug|Any CPU
		{2B6E8679-0A32-4382-9C92-2BDF165A4143}.Release|Any CPU.ActiveCfg = Release|Any CPU
		{2B6E8679-0A32-4382-9C92-2BDF165A4143}.Release|Any CPU.Build.0 = Release|Any CPU
	EndGlobalSection
	GlobalSection(SolutionProperties) = preSolution
		HideSolutionNode = FALSE
	EndGlobalSection
	GlobalSection(ExtensibilityGlobals) = postSolution
		SolutionGuid = {03CD76F3-BB63-42B9-8236-D8D9654ABD54}
	EndGlobalSection
EndGlobal
